
Microsoft Visual Studio Solution File, Format Version 12.00
# Visual Studio Version 17
VisualStudioVersion = 17.14.36127.28
MinimumVisualStudioVersion = 10.0.40219.1
Project("{FAE04EC0-301F-11D3-BF4B-00C04F79EFBC}") = "PersonsManager.Data", "PersonsManager.Data\PersonsManager.Data.csproj", "{9B24C2C4-C065-4F2A-B5D9-F26858C9E825}"
EndProject
Project("{FAE04EC0-301F-11D3-BF4B-00C04F79EFBC}") = "PersonsManager.Model", "PersonsManager.Model\PersonsManager.Model.csproj", "{F68143CF-4829-470D-B214-486A2A7A5AA8}"
EndProject
Project("{FAE04EC0-301F-11D3-BF4B-00C04F79EFBC}") = "PersonsManager.Repository", "PersonsManager.Repository\PersonsManager.Repository.csproj", "{3581296D-A40F-4249-B300-7A0234207685}"
EndProject
Project("{FAE04EC0-301F-11D3-BF4B-00C04F79EFBC}") = "PersonsManager.Service", "PersonsManager.Service\PersonsManager.Service.csproj", "{E890D7E3-57EA-4991-9332-91AECB9DEDB2}"
EndProject
Project("{FAE04EC0-301F-11D3-BF4B-00C04F79EFBC}") = "PersonsManager.Web", "PersonsManager.Web\PersonsManager.Web.csproj", "{589B4DA2-E266-4D73-B2D2-AF4926468B67}"
EndProject
Project("{FAE04EC0-301F-11D3-BF4B-00C04F79EFBC}") = "PersonManager.Test", "PersonManager.Test\PersonManager.Test.csproj", "{DF84FDD2-70C4-411F-8318-F4DFEB947205}"
EndProject
Global
	GlobalSection(SolutionConfigurationPlatforms) = preSolution
		Debug|Any CPU = Debug|Any CPU
		Release|Any CPU = Release|Any CPU
	EndGlobalSection
	GlobalSection(ProjectConfigurationPlatforms) = postSolution
		{9B24C2C4-C065-4F2A-B5D9-F26858C9E825}.Debug|Any CPU.ActiveCfg = Debug|Any CPU
		{9B24C2C4-C065-4F2A-B5D9-F26858C9E825}.Debug|Any CPU.Build.0 = Debug|Any CPU
		{9B24C2C4-C065-4F2A-B5D9-F26858C9E825}.Release|Any CPU.ActiveCfg = Release|Any CPU
		{9B24C2C4-C065-4F2A-B5D9-F26858C9E825}.Release|Any CPU.Build.0 = Release|Any CPU
		{F68143CF-4829-470D-B214-486A2A7A5AA8}.Debug|Any CPU.ActiveCfg = Debug|Any CPU
		{F68143CF-4829-470D-B214-486A2A7A5AA8}.Debug|Any CPU.Build.0 = Debug|Any CPU
		{F68143CF-4829-470D-B214-486A2A7A5AA8}.Release|Any CPU.ActiveCfg = Release|Any CPU
		{F68143CF-4829-470D-B214-486A2A7A5AA8}.Release|Any CPU.Build.0 = Release|Any CPU
		{3581296D-A40F-4249-B300-7A0234207685}.Debug|Any CPU.ActiveCfg = Debug|Any CPU
		{3581296D-A40F-4249-B300-7A0234207685}.Debug|Any CPU.Build.0 = Debug|Any CPU
		{3581296D-A40F-4249-B300-7A0234207685}.Release|Any CPU.ActiveCfg = Release|Any CPU
		{3581296D-A40F-4249-B300-7A0234207685}.Release|Any CPU.Build.0 = Release|Any CPU
		{E890D7E3-57EA-4991-9332-91AECB9DEDB2}.Debug|Any CPU.ActiveCfg = Debug|Any CPU
		{E890D7E3-57EA-4991-9332-91AECB9DEDB2}.Debug|Any CPU.Build.0 = Debug|Any CPU
		{E890D7E3-57EA-4991-9332-91AECB9DEDB2}.Release|Any CPU.ActiveCfg = Release|Any CPU
		{E890D7E3-57EA-4991-9332-91AECB9DEDB2}.Release|Any CPU.Build.0 = Release|Any CPU
		{589B4DA2-E266-4D73-B2D2-AF4926468B67}.Debug|Any CPU.ActiveCfg = Debug|Any CPU
		{589B4DA2-E266-4D73-B2D2-AF4926468B67}.Debug|Any CPU.Build.0 = Debug|Any CPU
		{589B4DA2-E266-4D73-B2D2-AF4926468B67}.Release|Any CPU.ActiveCfg = Release|Any CPU
		{589B4DA2-E266-4D73-B2D2-AF4926468B67}.Release|Any CPU.Build.0 = Release|Any CPU
		{DF84FDD2-70C4-411F-8318-F4DFEB947205}.Debug|Any CPU.ActiveCfg = Debug|Any CPU
		{DF84FDD2-70C4-411F-8318-F4DFEB947205}.Debug|Any CPU.Build.0 = Debug|Any CPU
		{DF84FDD2-70C4-411F-8318-F4DFEB947205}.Release|Any CPU.ActiveCfg = Release|Any CPU
		{DF84FDD2-70C4-411F-8318-F4DFEB947205}.Release|Any CPU.Build.0 = Release|Any CPU
	EndGlobalSection
	GlobalSection(SolutionProperties) = preSolution
		HideSolutionNode = FALSE
	EndGlobalSection
	GlobalSection(ExtensibilityGlobals) = postSolution
		SolutionGuid = {8A4B31A6-EEF3-4D5F-9DFF-1442E491BDFF}
	EndGlobalSection
EndGlobal
